
Microsoft Visual Studio Solution File, Format Version 12.00
# Visual Studio Version 17
VisualStudioVersion = 17.8.34330.188
MinimumVisualStudioVersion = 10.0.40219.1
Project("{9A19103F-16F7-4668-BE54-9A1E7A4F7556}") = "Library", "Library\Library.csproj", "{A44CB657-7825-429D-9C7E-6A650337AEF2}"
EndProject
Project("{9A19103F-16F7-4668-BE54-9A1E7A4F7556}") = "UI", "UI\UI.csproj", "{5BEF6BA0-9D28-4E72-B3D4-1ACE9B200EA4}"
EndProject
Global
	GlobalSection(SolutionConfigurationPlatforms) = preSolution
		Debug|Any CPU = Debug|Any CPU
		Release|Any CPU = Release|Any CPU
	EndGlobalSection
	GlobalSection(ProjectConfigurationPlatforms) = postSolution
		{A44CB657-7825-429D-9C7E-6A650337AEF2}.Debug|Any CPU.ActiveCfg = Debug|Any CPU
		{A44CB657-7825-429D-9C7E-6A650337AEF2}.Debug|Any CPU.Build.0 = Debug|Any CPU
		{A44CB657-7825-429D-9C7E-6A650337AEF2}.Release|Any CPU.ActiveCfg = Release|Any CPU
		{A44CB657-7825-429D-9C7E-6A650337AEF2}.Release|Any CPU.Build.0 = Release|Any CPU
		{5BEF6BA0-9D28-4E72-B3D4-1ACE9B200EA4}.Debug|Any CPU.ActiveCfg = Debug|Any CPU
		{5BEF6BA0-9D28-4E72-B3D4-1ACE9B200EA4}.Debug|Any CPU.Build.0 = Debug|Any CPU
		{5BEF6BA0-9D28-4E72-B3D4-1ACE9B200EA4}.Release|Any CPU.ActiveCfg = Release|Any CPU
		{5BEF6BA0-9D28-4E72-B3D4-1ACE9B200EA4}.Release|Any CPU.Build.0 = Release|Any CPU
	EndGlobalSection
	GlobalSection(SolutionProperties) = preSolution
		HideSolutionNode = FALSE
	EndGlobalSection
	GlobalSection(ExtensibilityGlobals) = postSolution
		SolutionGuid = {A6C85491-4B75-4050-AEAF-2479E81C025C}
	EndGlobalSection
EndGlobal
